
Microsoft Visual Studio Solution File, Format Version 12.00
# Visual Studio Version 16
VisualStudioVersion = 16.0.31313.79
MinimumVisualStudioVersion = 10.0.40219.1
Project("{FAE04EC0-301F-11D3-BF4B-00C04F79EFBC}") = "EverlyHealth.Core", "EverlyHealth.Core\EverlyHealth.Core.csproj", "{2FDD0AD3-0503-4094-8369-13EEB26B27C3}"
EndProject
Project("{FAE04EC0-301F-11D3-BF4B-00C04F79EFBC}") = "MemberDirectory.Data", "MemberDirectory.Data\MemberDirectory.Data.csproj", "{907A640F-E78D-4CEB-9314-0D658B21926C}"
EndProject
Project("{FAE04EC0-301F-11D3-BF4B-00C04F79EFBC}") = "MemberDirectory.App.Api", "MemberDirectory.App.Api\MemberDirectory.App.Api.csproj", "{C76031FA-B2B7-4283-B260-5B1524D85B3C}"
EndProject
Global
	GlobalSection(SolutionConfigurationPlatforms) = preSolution
		Debug|Any CPU = Debug|Any CPU
		Release|Any CPU = Release|Any CPU
	EndGlobalSection
	GlobalSection(ProjectConfigurationPlatforms) = postSolution
		{2FDD0AD3-0503-4094-8369-13EEB26B27C3}.Debug|Any CPU.ActiveCfg = Debug|Any CPU
		{2FDD0AD3-0503-4094-8369-13EEB26B27C3}.Debug|Any CPU.Build.0 = Debug|Any CPU
		{2FDD0AD3-0503-4094-8369-13EEB26B27C3}.Release|Any CPU.ActiveCfg = Release|Any CPU
		{2FDD0AD3-0503-4094-8369-13EEB26B27C3}.Release|Any CPU.Build.0 = Release|Any CPU
		{907A640F-E78D-4CEB-9314-0D658B21926C}.Debug|Any CPU.ActiveCfg = Debug|Any CPU
		{907A640F-E78D-4CEB-9314-0D658B21926C}.Debug|Any CPU.Build.0 = Debug|Any CPU
		{907A640F-E78D-4CEB-9314-0D658B21926C}.Release|Any CPU.ActiveCfg = Release|Any CPU
		{907A640F-E78D-4CEB-9314-0D658B21926C}.Release|Any CPU.Build.0 = Release|Any CPU
		{C76031FA-B2B7-4283-B260-5B1524D85B3C}.Debug|Any CPU.ActiveCfg = Debug|Any CPU
		{C76031FA-B2B7-4283-B260-5B1524D85B3C}.Debug|Any CPU.Build.0 = Debug|Any CPU
		{C76031FA-B2B7-4283-B260-5B1524D85B3C}.Release|Any CPU.ActiveCfg = Release|Any CPU
		{C76031FA-B2B7-4283-B260-5B1524D85B3C}.Release|Any CPU.Build.0 = Release|Any CPU
	EndGlobalSection
	GlobalSection(SolutionProperties) = preSolution
		HideSolutionNode = FALSE
	EndGlobalSection
	GlobalSection(ExtensibilityGlobals) = postSolution
		SolutionGuid = {297EF9A7-1F3F-4745-8FBD-4CEC1418620E}
	EndGlobalSection
EndGlobal
